
Microsoft Visual Studio Solution File, Format Version 12.00
# Visual Studio Version 16
VisualStudioVersion = 16.0.31402.337
MinimumVisualStudioVersion = 10.0.40219.1
Project("{FAE04EC0-301F-11D3-BF4B-00C04F79EFBC}") = "TrabajoPracticoVerdadero.Server", "TrabajoPracticoVerdadero\Server\TrabajoPracticoVerdadero.Server.csproj", "{7BADF2A9-8B0B-4B35-B197-F67A81E60909}"
EndProject
Project("{FAE04EC0-301F-11D3-BF4B-00C04F79EFBC}") = "TrabajoPracticoVerdadero.Client", "TrabajoPracticoVerdadero\Client\TrabajoPracticoVerdadero.Client.csproj", "{E14088D7-DE5D-4673-8D15-A46FE9A2957B}"
EndProject
Project("{FAE04EC0-301F-11D3-BF4B-00C04F79EFBC}") = "TrabajoPracticoVerdadero.Comunes", "TrabajoPracticoVerdadero\Shared\TrabajoPracticoVerdadero.Comunes.csproj", "{2A48045F-8ECB-4FDB-8380-8A19FCAC6B6E}"
EndProject
Global
	GlobalSection(SolutionConfigurationPlatforms) = preSolution
		Debug|Any CPU = Debug|Any CPU
		Release|Any CPU = Release|Any CPU
	EndGlobalSection
	GlobalSection(ProjectConfigurationPlatforms) = postSolution
		{7BADF2A9-8B0B-4B35-B197-F67A81E60909}.Debug|Any CPU.ActiveCfg = Debug|Any CPU
		{7BADF2A9-8B0B-4B35-B197-F67A81E60909}.Debug|Any CPU.Build.0 = Debug|Any CPU
		{7BADF2A9-8B0B-4B35-B197-F67A81E60909}.Release|Any CPU.ActiveCfg = Release|Any CPU
		{7BADF2A9-8B0B-4B35-B197-F67A81E60909}.Release|Any CPU.Build.0 = Release|Any CPU
		{E14088D7-DE5D-4673-8D15-A46FE9A2957B}.Debug|Any CPU.ActiveCfg = Debug|Any CPU
		{E14088D7-DE5D-4673-8D15-A46FE9A2957B}.Debug|Any CPU.Build.0 = Debug|Any CPU
		{E14088D7-DE5D-4673-8D15-A46FE9A2957B}.Release|Any CPU.ActiveCfg = Release|Any CPU
		{E14088D7-DE5D-4673-8D15-A46FE9A2957B}.Release|Any CPU.Build.0 = Release|Any CPU
		{2A48045F-8ECB-4FDB-8380-8A19FCAC6B6E}.Debug|Any CPU.ActiveCfg = Debug|Any CPU
		{2A48045F-8ECB-4FDB-8380-8A19FCAC6B6E}.Debug|Any CPU.Build.0 = Debug|Any CPU
		{2A48045F-8ECB-4FDB-8380-8A19FCAC6B6E}.Release|Any CPU.ActiveCfg = Release|Any CPU
		{2A48045F-8ECB-4FDB-8380-8A19FCAC6B6E}.Release|Any CPU.Build.0 = Release|Any CPU
	EndGlobalSection
	GlobalSection(SolutionProperties) = preSolution
		HideSolutionNode = FALSE
	EndGlobalSection
	GlobalSection(ExtensibilityGlobals) = postSolution
		SolutionGuid = {158465B5-427D-489A-B8FF-D4AC0BF34B53}
	EndGlobalSection
EndGlobal
